
Microsoft Visual Studio Solution File, Format Version 12.00
# Visual Studio Version 17
VisualStudioVersion = 17.4.33110.190
MinimumVisualStudioVersion = 10.0.40219.1
Project("{FAE04EC0-301F-11D3-BF4B-00C04F79EFBC}") = "ImageSharePassword.Web", "ImageSharePassword.Web\ImageSharePassword.Web.csproj", "{297E468C-214E-41BA-8849-538B24FC093F}"
EndProject
Project("{FAE04EC0-301F-11D3-BF4B-00C04F79EFBC}") = "ImageSharePassword.Data", "ImageSharePassword.Data\ImageSharePassword.Data.csproj", "{AE37EF0D-56D9-4987-A5C5-070F0D288B8D}"
EndProject
Global
	GlobalSection(SolutionConfigurationPlatforms) = preSolution
		Debug|Any CPU = Debug|Any CPU
		Release|Any CPU = Release|Any CPU
	EndGlobalSection
	GlobalSection(ProjectConfigurationPlatforms) = postSolution
		{297E468C-214E-41BA-8849-538B24FC093F}.Debug|Any CPU.ActiveCfg = Debug|Any CPU
		{297E468C-214E-41BA-8849-538B24FC093F}.Debug|Any CPU.Build.0 = Debug|Any CPU
		{297E468C-214E-41BA-8849-538B24FC093F}.Release|Any CPU.ActiveCfg = Release|Any CPU
		{297E468C-214E-41BA-8849-538B24FC093F}.Release|Any CPU.Build.0 = Release|Any CPU
		{AE37EF0D-56D9-4987-A5C5-070F0D288B8D}.Debug|Any CPU.ActiveCfg = Debug|Any CPU
		{AE37EF0D-56D9-4987-A5C5-070F0D288B8D}.Debug|Any CPU.Build.0 = Debug|Any CPU
		{AE37EF0D-56D9-4987-A5C5-070F0D288B8D}.Release|Any CPU.ActiveCfg = Release|Any CPU
		{AE37EF0D-56D9-4987-A5C5-070F0D288B8D}.Release|Any CPU.Build.0 = Release|Any CPU
	EndGlobalSection
	GlobalSection(SolutionProperties) = preSolution
		HideSolutionNode = FALSE
	EndGlobalSection
	GlobalSection(ExtensibilityGlobals) = postSolution
		SolutionGuid = {ACEC2218-CFB7-409C-9CF7-0EEF250659BE}
	EndGlobalSection
EndGlobal
